<?xml version="1.0" encoding="utf-8"?>
<Project ToolsVersion="4.0" xmlns="http://schemas.microsoft.com/developer/msbuild/2003">
  <ItemGroup>
    <Filter Include="Source files">
      <UniqueIdentifier>{c9fcfdbf-cb99-4917-b487-1ab2e323dcf0}</UniqueIdentifier>
      <Extensions>cpp;c;cc;cxx;def;odl;idl;hpj;bat;asm;asmx</Extensions>
    </Filter>
    <Filter Include="Header files">
      <UniqueIdentifier>{07358b00-84a3-4306-b087-10d3a0e64af8}</UniqueIdentifier>
      <Extensions>h;hpp;hxx;hm;inl;inc;xsd</Extensions>
    </Filter>
    <Filter Include="Resource files">
      <UniqueIdentifier>{d136d13a-5148-4d78-962d-426d899809c1}</UniqueIdentifier>
      <Extensions>rc;ico;cur;bmp;dlg;rc2;rct;bin;rgs;gif;jpg;jpeg;jpe;resx;tiff;tif;png;wav</Extensions>
    </Filter>
    <Filter Include="CMake files">
      <UniqueIdentifier>{9fe0e671-7b2e-49ba-b4ae-939657691459}</UniqueIdentifier>
    </Filter>
    <Filter Include="VisualGDB settings">
      <UniqueIdentifier>{cdb00f30-fe26-426f-b9eb-75c7d400f033}</UniqueIdentifier>
      <Extensions>*.vgdbsettings</Extensions>
    </Filter>
    <Filter Include="Source files\util">
      <UniqueIdentifier>{c5cf3417-2a70-4139-8471-a8405b7f7efe}</UniqueIdentifier>
    </Filter>
    <Filter Include="Header files\util">
      <UniqueIdentifier>{d84dd05f-0bbe-4659-9d95-5f03f50bd9b6}</UniqueIdentifier>
    </Filter>
  </ItemGroup>
  <ItemGroup>
    <ClCompile Include="raspberry_client.cpp">
      <Filter>Source files</Filter>
    </ClCompile>
    <ClCompile Include="SocketMatTransmissionClient.cpp">
      <Filter>Source files</Filter>
    </ClCompile>
    <ClCompile Include="util\my_opencv.cpp">
      <Filter>Source files\util</Filter>
    </ClCompile>
  </ItemGroup>
  <ItemGroup>
    <Text Include="CMakeLists.txt">
      <Filter>Source files</Filter>
    </Text>
  </ItemGroup>
  <ItemGroup>
    <None Include="toolchain-Debug.cmake">
      <Filter>CMake files</Filter>
    </None>
    <None Include="OpenCVCameraDemo-Debug.vgdbsettings">
      <Filter>VisualGDB settings</Filter>
    </None>
    <None Include="toolchain-Release.cmake">
      <Filter>CMake files</Filter>
    </None>
    <None Include="OpenCVCameraDemo-Release.vgdbsettings">
      <Filter>VisualGDB settings</Filter>
    </None>
  </ItemGroup>
  <ItemGroup>
    <ClInclude Include="SocketMatTransmissionClient.h">
      <Filter>Header files</Filter>
    </ClInclude>
    <ClInclude Include="util\my_math.h">
      <Filter>Header files\util</Filter>
    </ClInclude>
    <ClInclude Include="util\uart_num.h">
      <Filter>Header files\util</Filter>
    </ClInclude>
    <ClInclude Include="util\my_opencv.h">
      <Filter>Header files\util</Filter>
    </ClInclude>
  </ItemGroup>
</Project>